
Microsoft Visual Studio Solution File, Format Version 12.00
# Visual Studio Version 16
VisualStudioVersion = 16.0.32510.428
MinimumVisualStudioVersion = 10.0.40219.1
Project("{FAE04EC0-301F-11D3-BF4B-00C04F79EFBC}") = "apiAuth", "apiAuth\apiAuth.csproj", "{260581FC-B71C-42B3-8407-E755FC6F72B6}"
EndProject
Global
	GlobalSection(SolutionConfigurationPlatforms) = preSolution
		Debug|Any CPU = Debug|Any CPU
		Release|Any CPU = Release|Any CPU
	EndGlobalSection
	GlobalSection(ProjectConfigurationPlatforms) = postSolution
		{260581FC-B71C-42B3-8407-E755FC6F72B6}.Debug|Any CPU.ActiveCfg = Debug|Any CPU
		{260581FC-B71C-42B3-8407-E755FC6F72B6}.Debug|Any CPU.Build.0 = Debug|Any CPU
		{260581FC-B71C-42B3-8407-E755FC6F72B6}.Release|Any CPU.ActiveCfg = Release|Any CPU
		{260581FC-B71C-42B3-8407-E755FC6F72B6}.Release|Any CPU.Build.0 = Release|Any CPU
	EndGlobalSection
	GlobalSection(SolutionProperties) = preSolution
		HideSolutionNode = FALSE
	EndGlobalSection
	GlobalSection(ExtensibilityGlobals) = postSolution
		SolutionGuid = {D0C0C383-4E2F-4AA1-98F6-D7246AA2327A}
	EndGlobalSection
EndGlobal
